
Microsoft Visual Studio Solution File, Format Version 12.00
# Visual Studio Version 17
VisualStudioVersion = 17.8.34408.163
MinimumVisualStudioVersion = 10.0.40219.1
Project("{9A19103F-16F7-4668-BE54-9A1E7A4F7556}") = "RainfallApi.Web", "RainfallApi.Web\RainfallApi.Web.csproj", "{F8F36DBF-7750-431F-8F47-50D9EEA19327}"
EndProject
Project("{FAE04EC0-301F-11D3-BF4B-00C04F79EFBC}") = "RainfallApi.Core", "RainfallApi.Core\RainfallApi.Core.csproj", "{DA8FD0D2-83D1-4504-B350-D2E698FD3026}"
EndProject
Project("{FAE04EC0-301F-11D3-BF4B-00C04F79EFBC}") = "RainfallApi.Application", "RainfallApi.Application\RainfallApi.Application.csproj", "{C7B07E24-FA87-4DA8-99EF-E8EFD5D981AF}"
EndProject
Project("{FAE04EC0-301F-11D3-BF4B-00C04F79EFBC}") = "RainfallApi.Infrastructure", "RainfallApi.Infrastructure\RainfallApi.Infrastructure.csproj", "{72185294-119F-4797-8245-BA8389B0DE47}"
EndProject
Project("{FAE04EC0-301F-11D3-BF4B-00C04F79EFBC}") = "RainfallApi.Tests", "RainfallApi.Tests\RainfallApi.Tests.csproj", "{D88FEDDD-9F68-4B4E-BF7D-F1BE3B871837}"
EndProject
Global
	GlobalSection(SolutionConfigurationPlatforms) = preSolution
		Debug|Any CPU = Debug|Any CPU
		Release|Any CPU = Release|Any CPU
	EndGlobalSection
	GlobalSection(ProjectConfigurationPlatforms) = postSolution
		{F8F36DBF-7750-431F-8F47-50D9EEA19327}.Debug|Any CPU.ActiveCfg = Debug|Any CPU
		{F8F36DBF-7750-431F-8F47-50D9EEA19327}.Debug|Any CPU.Build.0 = Debug|Any CPU
		{F8F36DBF-7750-431F-8F47-50D9EEA19327}.Release|Any CPU.ActiveCfg = Release|Any CPU
		{F8F36DBF-7750-431F-8F47-50D9EEA19327}.Release|Any CPU.Build.0 = Release|Any CPU
		{DA8FD0D2-83D1-4504-B350-D2E698FD3026}.Debug|Any CPU.ActiveCfg = Debug|Any CPU
		{DA8FD0D2-83D1-4504-B350-D2E698FD3026}.Debug|Any CPU.Build.0 = Debug|Any CPU
		{DA8FD0D2-83D1-4504-B350-D2E698FD3026}.Release|Any CPU.ActiveCfg = Release|Any CPU
		{DA8FD0D2-83D1-4504-B350-D2E698FD3026}.Release|Any CPU.Build.0 = Release|Any CPU
		{C7B07E24-FA87-4DA8-99EF-E8EFD5D981AF}.Debug|Any CPU.ActiveCfg = Debug|Any CPU
		{C7B07E24-FA87-4DA8-99EF-E8EFD5D981AF}.Debug|Any CPU.Build.0 = Debug|Any CPU
		{C7B07E24-FA87-4DA8-99EF-E8EFD5D981AF}.Release|Any CPU.ActiveCfg = Release|Any CPU
		{C7B07E24-FA87-4DA8-99EF-E8EFD5D981AF}.Release|Any CPU.Build.0 = Release|Any CPU
		{72185294-119F-4797-8245-BA8389B0DE47}.Debug|Any CPU.ActiveCfg = Debug|Any CPU
		{72185294-119F-4797-8245-BA8389B0DE47}.Debug|Any CPU.Build.0 = Debug|Any CPU
		{72185294-119F-4797-8245-BA8389B0DE47}.Release|Any CPU.ActiveCfg = Release|Any CPU
		{72185294-119F-4797-8245-BA8389B0DE47}.Release|Any CPU.Build.0 = Release|Any CPU
		{D88FEDDD-9F68-4B4E-BF7D-F1BE3B871837}.Debug|Any CPU.ActiveCfg = Debug|Any CPU
		{D88FEDDD-9F68-4B4E-BF7D-F1BE3B871837}.Debug|Any CPU.Build.0 = Debug|Any CPU
		{D88FEDDD-9F68-4B4E-BF7D-F1BE3B871837}.Release|Any CPU.ActiveCfg = Release|Any CPU
		{D88FEDDD-9F68-4B4E-BF7D-F1BE3B871837}.Release|Any CPU.Build.0 = Release|Any CPU
	EndGlobalSection
	GlobalSection(SolutionProperties) = preSolution
		HideSolutionNode = FALSE
	EndGlobalSection
	GlobalSection(ExtensibilityGlobals) = postSolution
		SolutionGuid = {82EF425D-6E55-43EA-995C-A37D1A929837}
	EndGlobalSection
EndGlobal
